
Microsoft Visual Studio Solution File, Format Version 12.00
Project("{F2A71F9B-5D33-465A-A702-920D77279786}") = "StaticCMS", "StaticCMS\StaticCMS.fsproj", "{987A4D82-139B-4818-9106-9D54D1B9B721}"
EndProject
Project("{F2A71F9B-5D33-465A-A702-920D77279786}") = "StaticCMS.WebApi", "StaticCMS.WebApi\StaticCMS.WebApi.fsproj", "{CF685877-EA9F-41BB-A0C8-F91D1942487E}"
EndProject
Project("{2150E333-8FDC-42A3-9474-1A3956D46DE8}") = "temp", "temp", "{21444C02-CEC1-432F-AEC2-90E29C8450C1}"
	ProjectSection(SolutionItems) = preProject
		..\..\..\..\ProjectData\static_cms\templates\peeps_index.mustache = ..\..\..\..\ProjectData\static_cms\templates\peeps_index.mustache
		..\..\..\..\ProjectData\static_cms\plugins\gallery\main_template.mustache = ..\..\..\..\ProjectData\static_cms\plugins\gallery\main_template.mustache
		..\..\..\..\ProjectData\static_cms\plugins\wikd\resources\wikd_template.mustache = ..\..\..\..\ProjectData\static_cms\plugins\wikd\resources\wikd_template.mustache
	EndProjectSection
EndProject
Project("{2150E333-8FDC-42A3-9474-1A3956D46DE8}") = "_external", "_external", "{8512432C-0795-4D2C-96FC-03D171F8A674}"
EndProject
Project("{F2A71F9B-5D33-465A-A702-920D77279786}") = "StaticCMS.App", "StaticCMS.App\StaticCMS.App.fsproj", "{6B7FA09A-4A09-4294-809A-9CDCA45E773A}"
EndProject
Project("{F2A71F9B-5D33-465A-A702-920D77279786}") = "Faaz", "..\Faaz\Faaz\Faaz.fsproj", "{62E39616-DA34-4B9E-A894-51B3988DE2DA}"
EndProject
Project("{2150E333-8FDC-42A3-9474-1A3956D46DE8}") = "Plugins", "Plugins", "{4D7DBFE7-1C12-416D-9FA1-B20BC937D9DD}"
	ProjectSection(SolutionItems) = preProject
		..\..\..\..\ProjectData\static_cms\plugins\articulus\Articulus.fsx = ..\..\..\..\ProjectData\static_cms\plugins\articulus\Articulus.fsx
		..\..\..\..\ProjectData\static_cms\plugins\gallery\Gallery.fsx = ..\..\..\..\ProjectData\static_cms\plugins\gallery\Gallery.fsx
	EndProjectSection
EndProject
Project("{F2A71F9B-5D33-465A-A702-920D77279786}") = "Wikd", "..\Wikd\Wikd\Wikd.fsproj", "{E5A8AC42-9C8C-40D2-9A5B-F98289C5787A}"
EndProject
Project("{F2A71F9B-5D33-465A-A702-920D77279786}") = "Articulus", "..\Articulus\Articulus\Articulus.fsproj", "{1DEE39AA-211C-40E0-AEBC-1206C61A48F8}"
EndProject
Project("{F2A71F9B-5D33-465A-A702-920D77279786}") = "StaticCMS.PluginScripts", "StaticCMS.PluginScripts\StaticCMS.PluginScripts.fsproj", "{5B3EC5A2-4DE8-4D37-A3A0-5B31F18AD020}"
EndProject
Global
	GlobalSection(SolutionConfigurationPlatforms) = preSolution
		Debug|Any CPU = Debug|Any CPU
		Release|Any CPU = Release|Any CPU
	EndGlobalSection
	GlobalSection(ProjectConfigurationPlatforms) = postSolution
		{987A4D82-139B-4818-9106-9D54D1B9B721}.Debug|Any CPU.ActiveCfg = Debug|Any CPU
		{987A4D82-139B-4818-9106-9D54D1B9B721}.Debug|Any CPU.Build.0 = Debug|Any CPU
		{987A4D82-139B-4818-9106-9D54D1B9B721}.Release|Any CPU.ActiveCfg = Release|Any CPU
		{987A4D82-139B-4818-9106-9D54D1B9B721}.Release|Any CPU.Build.0 = Release|Any CPU
		{CF685877-EA9F-41BB-A0C8-F91D1942487E}.Debug|Any CPU.ActiveCfg = Debug|Any CPU
		{CF685877-EA9F-41BB-A0C8-F91D1942487E}.Debug|Any CPU.Build.0 = Debug|Any CPU
		{CF685877-EA9F-41BB-A0C8-F91D1942487E}.Release|Any CPU.ActiveCfg = Release|Any CPU
		{CF685877-EA9F-41BB-A0C8-F91D1942487E}.Release|Any CPU.Build.0 = Release|Any CPU
		{6B7FA09A-4A09-4294-809A-9CDCA45E773A}.Debug|Any CPU.ActiveCfg = Debug|Any CPU
		{6B7FA09A-4A09-4294-809A-9CDCA45E773A}.Debug|Any CPU.Build.0 = Debug|Any CPU
		{6B7FA09A-4A09-4294-809A-9CDCA45E773A}.Release|Any CPU.ActiveCfg = Release|Any CPU
		{6B7FA09A-4A09-4294-809A-9CDCA45E773A}.Release|Any CPU.Build.0 = Release|Any CPU
		{62E39616-DA34-4B9E-A894-51B3988DE2DA}.Debug|Any CPU.ActiveCfg = Debug|Any CPU
		{62E39616-DA34-4B9E-A894-51B3988DE2DA}.Debug|Any CPU.Build.0 = Debug|Any CPU
		{62E39616-DA34-4B9E-A894-51B3988DE2DA}.Release|Any CPU.ActiveCfg = Release|Any CPU
		{62E39616-DA34-4B9E-A894-51B3988DE2DA}.Release|Any CPU.Build.0 = Release|Any CPU
		{E5A8AC42-9C8C-40D2-9A5B-F98289C5787A}.Debug|Any CPU.ActiveCfg = Debug|Any CPU
		{E5A8AC42-9C8C-40D2-9A5B-F98289C5787A}.Debug|Any CPU.Build.0 = Debug|Any CPU
		{E5A8AC42-9C8C-40D2-9A5B-F98289C5787A}.Release|Any CPU.ActiveCfg = Release|Any CPU
		{E5A8AC42-9C8C-40D2-9A5B-F98289C5787A}.Release|Any CPU.Build.0 = Release|Any CPU
		{1DEE39AA-211C-40E0-AEBC-1206C61A48F8}.Debug|Any CPU.ActiveCfg = Debug|Any CPU
		{1DEE39AA-211C-40E0-AEBC-1206C61A48F8}.Debug|Any CPU.Build.0 = Debug|Any CPU
		{1DEE39AA-211C-40E0-AEBC-1206C61A48F8}.Release|Any CPU.ActiveCfg = Release|Any CPU
		{1DEE39AA-211C-40E0-AEBC-1206C61A48F8}.Release|Any CPU.Build.0 = Release|Any CPU
		{5B3EC5A2-4DE8-4D37-A3A0-5B31F18AD020}.Debug|Any CPU.ActiveCfg = Debug|Any CPU
		{5B3EC5A2-4DE8-4D37-A3A0-5B31F18AD020}.Debug|Any CPU.Build.0 = Debug|Any CPU
		{5B3EC5A2-4DE8-4D37-A3A0-5B31F18AD020}.Release|Any CPU.ActiveCfg = Release|Any CPU
		{5B3EC5A2-4DE8-4D37-A3A0-5B31F18AD020}.Release|Any CPU.Build.0 = Release|Any CPU
	EndGlobalSection
	GlobalSection(NestedProjects) = preSolution
		{62E39616-DA34-4B9E-A894-51B3988DE2DA} = {8512432C-0795-4D2C-96FC-03D171F8A674}
		{E5A8AC42-9C8C-40D2-9A5B-F98289C5787A} = {8512432C-0795-4D2C-96FC-03D171F8A674}
		{1DEE39AA-211C-40E0-AEBC-1206C61A48F8} = {8512432C-0795-4D2C-96FC-03D171F8A674}
	EndGlobalSection
EndGlobal
